
Microsoft Visual Studio Solution File, Format Version 12.00
# Visual Studio 15
VisualStudioVersion = 15.0.27130.2020
MinimumVisualStudioVersion = 10.0.40219.1
Project("{159641D6-6404-4A2A-AE62-294DE0FE8301}") = "Class Lab Project", "Class Lab Project\Class Lab Project.dtproj", "{4FAFC290-910F-433B-ACAD-3AFB22B42984}"
EndProject
Global
	GlobalSection(SolutionConfigurationPlatforms) = preSolution
		Development|Default = Development|Default
	EndGlobalSection
	GlobalSection(ProjectConfigurationPlatforms) = postSolution
		{4FAFC290-910F-433B-ACAD-3AFB22B42984}.Development|Default.ActiveCfg = Development
		{4FAFC290-910F-433B-ACAD-3AFB22B42984}.Development|Default.Build.0 = Development
	EndGlobalSection
	GlobalSection(SolutionProperties) = preSolution
		HideSolutionNode = FALSE
	EndGlobalSection
	GlobalSection(ExtensibilityGlobals) = postSolution
		SolutionGuid = {F19D9FC0-ADFA-4EE9-97E4-74AA62F2D3EA}
	EndGlobalSection
EndGlobal
